
Microsoft Visual Studio Solution File, Format Version 12.00
# Visual Studio Version 17
VisualStudioVersion = 17.9.34728.123
MinimumVisualStudioVersion = 10.0.40219.1
Project("{8BC9CEB8-8B4A-11D0-8D11-00A0C91BC942}") = "CppProject", "CppProject.vcxproj", "{A8B59AED-3006-43C6-AEAB-4113712472C3}"
EndProject
Global
	GlobalSection(SolutionConfigurationPlatforms) = preSolution
		Debug|x64 = Debug|x64
		Debug|x86 = Debug|x86
		Release|x64 = Release|x64
		Release|x86 = Release|x86
	EndGlobalSection
	GlobalSection(ProjectConfigurationPlatforms) = postSolution
		{A8B59AED-3006-43C6-AEAB-4113712472C3}.Debug|x64.ActiveCfg = Debug|x64
		{A8B59AED-3006-43C6-AEAB-4113712472C3}.Debug|x64.Build.0 = Debug|x64
		{A8B59AED-3006-43C6-AEAB-4113712472C3}.Debug|x86.ActiveCfg = Debug|Win32
		{A8B59AED-3006-43C6-AEAB-4113712472C3}.Debug|x86.Build.0 = Debug|Win32
		{A8B59AED-3006-43C6-AEAB-4113712472C3}.Release|x64.ActiveCfg = Release|x64
		{A8B59AED-3006-43C6-AEAB-4113712472C3}.Release|x64.Build.0 = Release|x64
		{A8B59AED-3006-43C6-AEAB-4113712472C3}.Release|x86.ActiveCfg = Release|Win32
		{A8B59AED-3006-43C6-AEAB-4113712472C3}.Release|x86.Build.0 = Release|Win32
	EndGlobalSection
	GlobalSection(SolutionProperties) = preSolution
		HideSolutionNode = FALSE
	EndGlobalSection
	GlobalSection(ExtensibilityGlobals) = postSolution
		SolutionGuid = {8469DB2F-A282-4671-84B3-777138B221F8}
	EndGlobalSection
EndGlobal
